
Microsoft Visual Studio Solution File, Format Version 12.00
# Visual Studio Version 17
VisualStudioVersion = 17.5.002.0
MinimumVisualStudioVersion = 10.0.40219.1
Project("{9A19103F-16F7-4668-BE54-9A1E7A4F7556}") = "primeiroProjeto", "primeiroProjeto.csproj", "{63051723-D6E2-4B57-B851-695831CC8AC7}"
EndProject
Global
	GlobalSection(SolutionConfigurationPlatforms) = preSolution
		Debug|Any CPU = Debug|Any CPU
		Release|Any CPU = Release|Any CPU
	EndGlobalSection
	GlobalSection(ProjectConfigurationPlatforms) = postSolution
		{63051723-D6E2-4B57-B851-695831CC8AC7}.Debug|Any CPU.ActiveCfg = Debug|Any CPU
		{63051723-D6E2-4B57-B851-695831CC8AC7}.Debug|Any CPU.Build.0 = Debug|Any CPU
		{63051723-D6E2-4B57-B851-695831CC8AC7}.Release|Any CPU.ActiveCfg = Release|Any CPU
		{63051723-D6E2-4B57-B851-695831CC8AC7}.Release|Any CPU.Build.0 = Release|Any CPU
	EndGlobalSection
	GlobalSection(SolutionProperties) = preSolution
		HideSolutionNode = FALSE
	EndGlobalSection
	GlobalSection(ExtensibilityGlobals) = postSolution
		SolutionGuid = {B8CAFBD8-B7F1-49B7-9D5F-9EC50420451F}
	EndGlobalSection
EndGlobal
